// !$*UTF8*$!
{
	archiveVersion = 1;
	classes = {
	};
	objectVersion = 56;
	objects = {

/* Begin PBXBuildFile section */
		C3B024F629F49AAF00933B7B /* Location.swift in Sources */ = {isa = PBXBuildFile; fileRef = C3B024F529F49AAF00933B7B /* Location.swift */; };
		C3B024F829F49ACB00933B7B /* Character.swift in Sources */ = {isa = PBXBuildFile; fileRef = C3B024F729F49ACB00933B7B /* Character.swift */; };
		C3B024FA29F49AD300933B7B /* Episode.swift in Sources */ = {isa = PBXBuildFile; fileRef = C3B024F929F49AD300933B7B /* Episode.swift */; };
		C3B024FD29F49B3600933B7B /* CharacterViewController.swift in Sources */ = {isa = PBXBuildFile; fileRef = C3B024FC29F49B3600933B7B /* CharacterViewController.swift */; };
		C3B024FF29F49B4100933B7B /* LocationViewController.swift in Sources */ = {isa = PBXBuildFile; fileRef = C3B024FE29F49B4100933B7B /* LocationViewController.swift */; };
		C3B0250129F49B5C00933B7B /* EpisodesViewController.swift in Sources */ = {isa = PBXBuildFile; fileRef = C3B0250029F49B5C00933B7B /* EpisodesViewController.swift */; };
		C3B0250429F49C2A00933B7B /* SettingsViewController.swift in Sources */ = {isa = PBXBuildFile; fileRef = C3B0250329F49C2A00933B7B /* SettingsViewController.swift */; };
		C3B0250629F4A4E300933B7B /* RMService.swift in Sources */ = {isa = PBXBuildFile; fileRef = C3B0250529F4A4E300933B7B /* RMService.swift */; };
		C3B0250829F4A57A00933B7B /* RMRequest.swift in Sources */ = {isa = PBXBuildFile; fileRef = C3B0250729F4A57A00933B7B /* RMRequest.swift */; };
		C3B0250A29F4A5F600933B7B /* RMEndpoint.swift in Sources */ = {isa = PBXBuildFile; fileRef = C3B0250929F4A5F600933B7B /* RMEndpoint.swift */; };
		C3B0250C29F4B7CA00933B7B /* Origin.swift in Sources */ = {isa = PBXBuildFile; fileRef = C3B0250B29F4B7CA00933B7B /* Origin.swift */; };
		C3B0250E29F4B81800933B7B /* SingleLocation.swift in Sources */ = {isa = PBXBuildFile; fileRef = C3B0250D29F4B81800933B7B /* SingleLocation.swift */; };
		C3B0251029F4B8D700933B7B /* CharacterStatus.swift in Sources */ = {isa = PBXBuildFile; fileRef = C3B0250F29F4B8D700933B7B /* CharacterStatus.swift */; };
		C3B0251229F4B93000933B7B /* CharacterGender.swift in Sources */ = {isa = PBXBuildFile; fileRef = C3B0251129F4B93000933B7B /* CharacterGender.swift */; };
		C3B0251629F4C45600933B7B /* GetAllCharactersResponse.swift in Sources */ = {isa = PBXBuildFile; fileRef = C3B0251529F4C45600933B7B /* GetAllCharactersResponse.swift */; };
		C3B0251829F4C73100933B7B /* CharacterListViewViewModel.swift in Sources */ = {isa = PBXBuildFile; fileRef = C3B0251729F4C73100933B7B /* CharacterListViewViewModel.swift */; };
		C3B0251A29F4C7D100933B7B /* CharacterListView.swift in Sources */ = {isa = PBXBuildFile; fileRef = C3B0251929F4C7D100933B7B /* CharacterListView.swift */; };
		C3B0251C29F4D18900933B7B /* UIView+Extensions.swift in Sources */ = {isa = PBXBuildFile; fileRef = C3B0251B29F4D18900933B7B /* UIView+Extensions.swift */; };
		C3B0251E29F4D9DF00933B7B /* CharacterCollectionViewCell.swift in Sources */ = {isa = PBXBuildFile; fileRef = C3B0251D29F4D9DF00933B7B /* CharacterCollectionViewCell.swift */; };
		C3B0252229F4E31F00933B7B /* CharacterCollectionViewCellViewModel.swift in Sources */ = {isa = PBXBuildFile; fileRef = C3B0252129F4E31F00933B7B /* CharacterCollectionViewCellViewModel.swift */; };
		C3B4AA0E29F47AA1004D32D9 /* AppDelegate.swift in Sources */ = {isa = PBXBuildFile; fileRef = C3B4AA0D29F47AA1004D32D9 /* AppDelegate.swift */; };
		C3B4AA1029F47AA1004D32D9 /* SceneDelegate.swift in Sources */ = {isa = PBXBuildFile; fileRef = C3B4AA0F29F47AA1004D32D9 /* SceneDelegate.swift */; };
		C3B4AA1229F47AA1004D32D9 /* TabBarViewController.swift in Sources */ = {isa = PBXBuildFile; fileRef = C3B4AA1129F47AA1004D32D9 /* TabBarViewController.swift */; };
		C3B4AA1729F47AA2004D32D9 /* Assets.xcassets in Resources */ = {isa = PBXBuildFile; fileRef = C3B4AA1629F47AA2004D32D9 /* Assets.xcassets */; };
		C3B4AA1A29F47AA2004D32D9 /* LaunchScreen.storyboard in Resources */ = {isa = PBXBuildFile; fileRef = C3B4AA1829F47AA2004D32D9 /* LaunchScreen.storyboard */; };
		C3E164A629F577A00046DE36 /* CharacterDetailViewController.swift in Sources */ = {isa = PBXBuildFile; fileRef = C3E164A529F577A00046DE36 /* CharacterDetailViewController.swift */; };
		C3E164A829F5780D0046DE36 /* CharacterDetailView.swift in Sources */ = {isa = PBXBuildFile; fileRef = C3E164A729F5780D0046DE36 /* CharacterDetailView.swift */; };
		C3E164AA29F578320046DE36 /* CharacterDetailViewViewModel.swift in Sources */ = {isa = PBXBuildFile; fileRef = C3E164A929F578320046DE36 /* CharacterDetailViewViewModel.swift */; };
		C3E164AE29F57ED70046DE36 /* FooterLoadingCollectionReusableView.swift in Sources */ = {isa = PBXBuildFile; fileRef = C3E164AD29F57ED70046DE36 /* FooterLoadingCollectionReusableView.swift */; };
		C3E164B029F57EF50046DE36 /* UICollectionReusableView+Extensions.swift in Sources */ = {isa = PBXBuildFile; fileRef = C3E164AF29F57EF50046DE36 /* UICollectionReusableView+Extensions.swift */; };
		C3E164B229F5AC320046DE36 /* ImageLoader.swift in Sources */ = {isa = PBXBuildFile; fileRef = C3E164B129F5AC320046DE36 /* ImageLoader.swift */; };
/* End PBXBuildFile section */

/* Begin PBXFileReference section */
		C3B024F529F49AAF00933B7B /* Location.swift */ = {isa = PBXFileReference; lastKnownFileType = sourcecode.swift; path = Location.swift; sourceTree = "<group>"; };
		C3B024F729F49ACB00933B7B /* Character.swift */ = {isa = PBXFileReference; lastKnownFileType = sourcecode.swift; path = Character.swift; sourceTree = "<group>"; };
		C3B024F929F49AD300933B7B /* Episode.swift */ = {isa = PBXFileReference; lastKnownFileType = sourcecode.swift; path = Episode.swift; sourceTree = "<group>"; };
		C3B024FC29F49B3600933B7B /* CharacterViewController.swift */ = {isa = PBXFileReference; lastKnownFileType = sourcecode.swift; path = CharacterViewController.swift; sourceTree = "<group>"; };
		C3B024FE29F49B4100933B7B /* LocationViewController.swift */ = {isa = PBXFileReference; lastKnownFileType = sourcecode.swift; path = LocationViewController.swift; sourceTree = "<group>"; };
		C3B0250029F49B5C00933B7B /* EpisodesViewController.swift */ = {isa = PBXFileReference; lastKnownFileType = sourcecode.swift; path = EpisodesViewController.swift; sourceTree = "<group>"; };
		C3B0250329F49C2A00933B7B /* SettingsViewController.swift */ = {isa = PBXFileReference; lastKnownFileType = sourcecode.swift; path = SettingsViewController.swift; sourceTree = "<group>"; };
		C3B0250529F4A4E300933B7B /* RMService.swift */ = {isa = PBXFileReference; lastKnownFileType = sourcecode.swift; path = RMService.swift; sourceTree = "<group>"; };
		C3B0250729F4A57A00933B7B /* RMRequest.swift */ = {isa = PBXFileReference; lastKnownFileType = sourcecode.swift; path = RMRequest.swift; sourceTree = "<group>"; };
		C3B0250929F4A5F600933B7B /* RMEndpoint.swift */ = {isa = PBXFileReference; lastKnownFileType = sourcecode.swift; path = RMEndpoint.swift; sourceTree = "<group>"; };
		C3B0250B29F4B7CA00933B7B /* Origin.swift */ = {isa = PBXFileReference; lastKnownFileType = sourcecode.swift; path = Origin.swift; sourceTree = "<group>"; };
		C3B0250D29F4B81800933B7B /* SingleLocation.swift */ = {isa = PBXFileReference; lastKnownFileType = sourcecode.swift; path = SingleLocation.swift; sourceTree = "<group>"; };
		C3B0250F29F4B8D700933B7B /* CharacterStatus.swift */ = {isa = PBXFileReference; lastKnownFileType = sourcecode.swift; path = CharacterStatus.swift; sourceTree = "<group>"; };
		C3B0251129F4B93000933B7B /* CharacterGender.swift */ = {isa = PBXFileReference; lastKnownFileType = sourcecode.swift; path = CharacterGender.swift; sourceTree = "<group>"; };
		C3B0251529F4C45600933B7B /* GetAllCharactersResponse.swift */ = {isa = PBXFileReference; lastKnownFileType = sourcecode.swift; path = GetAllCharactersResponse.swift; sourceTree = "<group>"; };
		C3B0251729F4C73100933B7B /* CharacterListViewViewModel.swift */ = {isa = PBXFileReference; lastKnownFileType = sourcecode.swift; path = CharacterListViewViewModel.swift; sourceTree = "<group>"; };
		C3B0251929F4C7D100933B7B /* CharacterListView.swift */ = {isa = PBXFileReference; lastKnownFileType = sourcecode.swift; path = CharacterListView.swift; sourceTree = "<group>"; };
		C3B0251B29F4D18900933B7B /* UIView+Extensions.swift */ = {isa = PBXFileReference; lastKnownFileType = sourcecode.swift; path = "UIView+Extensions.swift"; sourceTree = "<group>"; };
		C3B0251D29F4D9DF00933B7B /* CharacterCollectionViewCell.swift */ = {isa = PBXFileReference; lastKnownFileType = sourcecode.swift; path = CharacterCollectionViewCell.swift; sourceTree = "<group>"; };
		C3B0252129F4E31F00933B7B /* CharacterCollectionViewCellViewModel.swift */ = {isa = PBXFileReference; lastKnownFileType = sourcecode.swift; path = CharacterCollectionViewCellViewModel.swift; sourceTree = "<group>"; };
		C3B4AA0A29F47AA1004D32D9 /* RickAndMorty_UIKit.app */ = {isa = PBXFileReference; explicitFileType = wrapper.application; includeInIndex = 0; path = RickAndMorty_UIKit.app; sourceTree = BUILT_PRODUCTS_DIR; };
		C3B4AA0D29F47AA1004D32D9 /* AppDelegate.swift */ = {isa = PBXFileReference; lastKnownFileType = sourcecode.swift; path = AppDelegate.swift; sourceTree = "<group>"; };
		C3B4AA0F29F47AA1004D32D9 /* SceneDelegate.swift */ = {isa = PBXFileReference; lastKnownFileType = sourcecode.swift; path = SceneDelegate.swift; sourceTree = "<group>"; };
		C3B4AA1129F47AA1004D32D9 /* TabBarViewController.swift */ = {isa = PBXFileReference; lastKnownFileType = sourcecode.swift; path = TabBarViewController.swift; sourceTree = "<group>"; };
		C3B4AA1629F47AA2004D32D9 /* Assets.xcassets */ = {isa = PBXFileReference; lastKnownFileType = folder.assetcatalog; path = Assets.xcassets; sourceTree = "<group>"; };
		C3B4AA1929F47AA2004D32D9 /* Base */ = {isa = PBXFileReference; lastKnownFileType = file.storyboard; name = Base; path = Base.lproj/LaunchScreen.storyboard; sourceTree = "<group>"; };
		C3B4AA1B29F47AA2004D32D9 /* Info.plist */ = {isa = PBXFileReference; lastKnownFileType = text.plist.xml; path = Info.plist; sourceTree = "<group>"; };
		C3E164A529F577A00046DE36 /* CharacterDetailViewController.swift */ = {isa = PBXFileReference; lastKnownFileType = sourcecode.swift; path = CharacterDetailViewController.swift; sourceTree = "<group>"; };
		C3E164A729F5780D0046DE36 /* CharacterDetailView.swift */ = {isa = PBXFileReference; lastKnownFileType = sourcecode.swift; path = CharacterDetailView.swift; sourceTree = "<group>"; };
		C3E164A929F578320046DE36 /* CharacterDetailViewViewModel.swift */ = {isa = PBXFileReference; lastKnownFileType = sourcecode.swift; path = CharacterDetailViewViewModel.swift; sourceTree = "<group>"; };
		C3E164AD29F57ED70046DE36 /* FooterLoadingCollectionReusableView.swift */ = {isa = PBXFileReference; lastKnownFileType = sourcecode.swift; path = FooterLoadingCollectionReusableView.swift; sourceTree = "<group>"; };
		C3E164AF29F57EF50046DE36 /* UICollectionReusableView+Extensions.swift */ = {isa = PBXFileReference; lastKnownFileType = sourcecode.swift; path = "UICollectionReusableView+Extensions.swift"; sourceTree = "<group>"; };
		C3E164B129F5AC320046DE36 /* ImageLoader.swift */ = {isa = PBXFileReference; lastKnownFileType = sourcecode.swift; path = ImageLoader.swift; sourceTree = "<group>"; };
/* End PBXFileReference section */

/* Begin PBXFrameworksBuildPhase section */
		C3B4AA0729F47AA1004D32D9 /* Frameworks */ = {
			isa = PBXFrameworksBuildPhase;
			buildActionMask = 2147483647;
			files = (
			);
			runOnlyForDeploymentPostprocessing = 0;
		};
/* End PBXFrameworksBuildPhase section */

/* Begin PBXGroup section */
		C30098DD29F496CB007CA4B7 /* Controllers */ = {
			isa = PBXGroup;
			children = (
				C3E164A429F5778B0046DE36 /* Other */,
				C3B024FB29F49B1300933B7B /* Core */,
			);
			path = Controllers;
			sourceTree = "<group>";
		};
		C30098DE29F496D9007CA4B7 /* Models */ = {
			isa = PBXGroup;
			children = (
				C3B0251429F4C44600933B7B /* APIResponseTypes */,
				C3B0251329F4C43A00933B7B /* DataTypes */,
			);
			path = Models;
			sourceTree = "<group>";
		};
		C30098DF29F496DC007CA4B7 /* Views */ = {
			isa = PBXGroup;
			children = (
				C3B0251929F4C7D100933B7B /* CharacterListView.swift */,
				C3B0251D29F4D9DF00933B7B /* CharacterCollectionViewCell.swift */,
				C3E164A729F5780D0046DE36 /* CharacterDetailView.swift */,
				C3E164AD29F57ED70046DE36 /* FooterLoadingCollectionReusableView.swift */,
			);
			path = Views;
			sourceTree = "<group>";
		};
		C30098E029F496E9007CA4B7 /* ViewModels */ = {
			isa = PBXGroup;
			children = (
				C3B0251729F4C73100933B7B /* CharacterListViewViewModel.swift */,
				C3B0252129F4E31F00933B7B /* CharacterCollectionViewCellViewModel.swift */,
				C3E164A929F578320046DE36 /* CharacterDetailViewViewModel.swift */,
			);
			path = ViewModels;
			sourceTree = "<group>";
		};
		C30098E129F496ED007CA4B7 /* Managers */ = {
			isa = PBXGroup;
			children = (
				C3E164B129F5AC320046DE36 /* ImageLoader.swift */,
			);
			path = Managers;
			sourceTree = "<group>";
		};
		C30098E229F496F6007CA4B7 /* APIClient */ = {
			isa = PBXGroup;
			children = (
				C3B0250529F4A4E300933B7B /* RMService.swift */,
				C3B0250729F4A57A00933B7B /* RMRequest.swift */,
				C3B0250929F4A5F600933B7B /* RMEndpoint.swift */,
			);
			path = APIClient;
			sourceTree = "<group>";
		};
		C30098E329F49703007CA4B7 /* Resources */ = {
			isa = PBXGroup;
			children = (
				C3B4AA0D29F47AA1004D32D9 /* AppDelegate.swift */,
				C3B4AA1629F47AA2004D32D9 /* Assets.xcassets */,
				C3B4AA1829F47AA2004D32D9 /* LaunchScreen.storyboard */,
				C3B4AA0F29F47AA1004D32D9 /* SceneDelegate.swift */,
			);
			path = Resources;
			sourceTree = "<group>";
		};
		C3B024FB29F49B1300933B7B /* Core */ = {
			isa = PBXGroup;
			children = (
				C3B4AA1129F47AA1004D32D9 /* TabBarViewController.swift */,
				C3B024FC29F49B3600933B7B /* CharacterViewController.swift */,
				C3B024FE29F49B4100933B7B /* LocationViewController.swift */,
				C3B0250029F49B5C00933B7B /* EpisodesViewController.swift */,
				C3B0250329F49C2A00933B7B /* SettingsViewController.swift */,
			);
			path = Core;
			sourceTree = "<group>";
		};
		C3B0251329F4C43A00933B7B /* DataTypes */ = {
			isa = PBXGroup;
			children = (
				C3B024F529F49AAF00933B7B /* Location.swift */,
				C3B024F729F49ACB00933B7B /* Character.swift */,
				C3B024F929F49AD300933B7B /* Episode.swift */,
				C3B0250B29F4B7CA00933B7B /* Origin.swift */,
				C3B0250D29F4B81800933B7B /* SingleLocation.swift */,
				C3B0250F29F4B8D700933B7B /* CharacterStatus.swift */,
				C3B0251129F4B93000933B7B /* CharacterGender.swift */,
			);
			path = DataTypes;
			sourceTree = "<group>";
		};
		C3B0251429F4C44600933B7B /* APIResponseTypes */ = {
			isa = PBXGroup;
			children = (
				C3B0251529F4C45600933B7B /* GetAllCharactersResponse.swift */,
			);
			path = APIResponseTypes;
			sourceTree = "<group>";
		};
		C3B0252329F4E3C700933B7B /* Extensions */ = {
			isa = PBXGroup;
			children = (
				C3B0251B29F4D18900933B7B /* UIView+Extensions.swift */,
				C3E164AF29F57EF50046DE36 /* UICollectionReusableView+Extensions.swift */,
			);
			path = Extensions;
			sourceTree = "<group>";
		};
		C3B4AA0129F47AA1004D32D9 = {
			isa = PBXGroup;
			children = (
				C3B4AA0C29F47AA1004D32D9 /* RickAndMorty_UIKit */,
				C3B4AA0B29F47AA1004D32D9 /* Products */,
			);
			sourceTree = "<group>";
		};
		C3B4AA0B29F47AA1004D32D9 /* Products */ = {
			isa = PBXGroup;
			children = (
				C3B4AA0A29F47AA1004D32D9 /* RickAndMorty_UIKit.app */,
			);
			name = Products;
			sourceTree = "<group>";
		};
		C3B4AA0C29F47AA1004D32D9 /* RickAndMorty_UIKit */ = {
			isa = PBXGroup;
			children = (
				C3B0252329F4E3C700933B7B /* Extensions */,
				C30098E329F49703007CA4B7 /* Resources */,
				C30098E229F496F6007CA4B7 /* APIClient */,
				C30098E129F496ED007CA4B7 /* Managers */,
				C30098E029F496E9007CA4B7 /* ViewModels */,
				C30098DF29F496DC007CA4B7 /* Views */,
				C30098DE29F496D9007CA4B7 /* Models */,
				C30098DD29F496CB007CA4B7 /* Controllers */,
				C3B4AA1B29F47AA2004D32D9 /* Info.plist */,
			);
			path = RickAndMorty_UIKit;
			sourceTree = "<group>";
		};
		C3E164A429F5778B0046DE36 /* Other */ = {
			isa = PBXGroup;
			children = (
				C3E164A529F577A00046DE36 /* CharacterDetailViewController.swift */,
			);
			path = Other;
			sourceTree = "<group>";
		};
/* End PBXGroup section */

/* Begin PBXNativeTarget section */
		C3B4AA0929F47AA1004D32D9 /* RickAndMorty_UIKit */ = {
			isa = PBXNativeTarget;
			buildConfigurationList = C3B4AA1E29F47AA2004D32D9 /* Build configuration list for PBXNativeTarget "RickAndMorty_UIKit" */;
			buildPhases = (
				C3B4AA0629F47AA1004D32D9 /* Sources */,
				C3B4AA0729F47AA1004D32D9 /* Frameworks */,
				C3B4AA0829F47AA1004D32D9 /* Resources */,
			);
			buildRules = (
			);
			dependencies = (
			);
			name = RickAndMorty_UIKit;
			productName = RickAndMorty_UIKit;
			productReference = C3B4AA0A29F47AA1004D32D9 /* RickAndMorty_UIKit.app */;
			productType = "com.apple.product-type.application";
		};
/* End PBXNativeTarget section */

/* Begin PBXProject section */
		C3B4AA0229F47AA1004D32D9 /* Project object */ = {
			isa = PBXProject;
			attributes = {
				BuildIndependentTargetsInParallel = 1;
				LastSwiftUpdateCheck = 1420;
				LastUpgradeCheck = 1420;
				TargetAttributes = {
					C3B4AA0929F47AA1004D32D9 = {
						CreatedOnToolsVersion = 14.2;
					};
				};
			};
			buildConfigurationList = C3B4AA0529F47AA1004D32D9 /* Build configuration list for PBXProject "RickAndMorty_UIKit" */;
			compatibilityVersion = "Xcode 14.0";
			developmentRegion = en;
			hasScannedForEncodings = 0;
			knownRegions = (
				en,
				Base,
			);
			mainGroup = C3B4AA0129F47AA1004D32D9;
			productRefGroup = C3B4AA0B29F47AA1004D32D9 /* Products */;
			projectDirPath = "";
			projectRoot = "";
			targets = (
				C3B4AA0929F47AA1004D32D9 /* RickAndMorty_UIKit */,
			);
		};
/* End PBXProject section */

/* Begin PBXResourcesBuildPhase section */
		C3B4AA0829F47AA1004D32D9 /* Resources */ = {
			isa = PBXResourcesBuildPhase;
			buildActionMask = 2147483647;
			files = (
				C3B4AA1A29F47AA2004D32D9 /* LaunchScreen.storyboard in Resources */,
				C3B4AA1729F47AA2004D32D9 /* Assets.xcassets in Resources */,
			);
			runOnlyForDeploymentPostprocessing = 0;
		};
/* End PBXResourcesBuildPhase section */

/* Begin PBXSourcesBuildPhase section */
		C3B4AA0629F47AA1004D32D9 /* Sources */ = {
			isa = PBXSourcesBuildPhase;
			buildActionMask = 2147483647;
			files = (
				C3B0251C29F4D18900933B7B /* UIView+Extensions.swift in Sources */,
				C3B0250129F49B5C00933B7B /* EpisodesViewController.swift in Sources */,
				C3B0251029F4B8D700933B7B /* CharacterStatus.swift in Sources */,
				C3E164B229F5AC320046DE36 /* ImageLoader.swift in Sources */,
				C3E164A829F5780D0046DE36 /* CharacterDetailView.swift in Sources */,
				C3B0251A29F4C7D100933B7B /* CharacterListView.swift in Sources */,
				C3B024FF29F49B4100933B7B /* LocationViewController.swift in Sources */,
				C3B0252229F4E31F00933B7B /* CharacterCollectionViewCellViewModel.swift in Sources */,
				C3B024FA29F49AD300933B7B /* Episode.swift in Sources */,
				C3B4AA1229F47AA1004D32D9 /* TabBarViewController.swift in Sources */,
				C3B4AA0E29F47AA1004D32D9 /* AppDelegate.swift in Sources */,
				C3E164AA29F578320046DE36 /* CharacterDetailViewViewModel.swift in Sources */,
				C3B024F629F49AAF00933B7B /* Location.swift in Sources */,
				C3B0250429F49C2A00933B7B /* SettingsViewController.swift in Sources */,
				C3E164B029F57EF50046DE36 /* UICollectionReusableView+Extensions.swift in Sources */,
				C3B0250A29F4A5F600933B7B /* RMEndpoint.swift in Sources */,
				C3B0250629F4A4E300933B7B /* RMService.swift in Sources */,
				C3B4AA1029F47AA1004D32D9 /* SceneDelegate.swift in Sources */,
				C3B024F829F49ACB00933B7B /* Character.swift in Sources */,
				C3B0250829F4A57A00933B7B /* RMRequest.swift in Sources */,
				C3B024FD29F49B3600933B7B /* CharacterViewController.swift in Sources */,
				C3B0251229F4B93000933B7B /* CharacterGender.swift in Sources */,
				C3B0250C29F4B7CA00933B7B /* Origin.swift in Sources */,
				C3E164A629F577A00046DE36 /* CharacterDetailViewController.swift in Sources */,
				C3B0250E29F4B81800933B7B /* SingleLocation.swift in Sources */,
				C3B0251829F4C73100933B7B /* CharacterListViewViewModel.swift in Sources */,
				C3B0251E29F4D9DF00933B7B /* CharacterCollectionViewCell.swift in Sources */,
				C3B0251629F4C45600933B7B /* GetAllCharactersResponse.swift in Sources */,
				C3E164AE29F57ED70046DE36 /* FooterLoadingCollectionReusableView.swift in Sources */,
			);
			runOnlyForDeploymentPostprocessing = 0;
		};
/* End PBXSourcesBuildPhase section */

/* Begin PBXVariantGroup section */
		C3B4AA1829F47AA2004D32D9 /* LaunchScreen.storyboard */ = {
			isa = PBXVariantGroup;
			children = (
				C3B4AA1929F47AA2004D32D9 /* Base */,
			);
			name = LaunchScreen.storyboard;
			sourceTree = "<group>";
		};
/* End PBXVariantGroup section */

/* Begin XCBuildConfiguration section */
		C3B4AA1C29F47AA2004D32D9 /* Debug */ = {
			isa = XCBuildConfiguration;
			buildSettings = {
				ALWAYS_SEARCH_USER_PATHS = NO;
				CLANG_ANALYZER_NONNULL = YES;
				CLANG_ANALYZER_NUMBER_OBJECT_CONVERSION = YES_AGGRESSIVE;
				CLANG_CXX_LANGUAGE_STANDARD = "gnu++20";
				CLANG_ENABLE_MODULES = YES;
				CLANG_ENABLE_OBJC_ARC = YES;
				CLANG_ENABLE_OBJC_WEAK = YES;
				CLANG_WARN_BLOCK_CAPTURE_AUTORELEASING = YES;
				CLANG_WARN_BOOL_CONVERSION = YES;
				CLANG_WARN_COMMA = YES;
				CLANG_WARN_CONSTANT_CONVERSION = YES;
				CLANG_WARN_DEPRECATED_OBJC_IMPLEMENTATIONS = YES;
				CLANG_WARN_DIRECT_OBJC_ISA_USAGE = YES_ERROR;
				CLANG_WARN_DOCUMENTATION_COMMENTS = YES;
				CLANG_WARN_EMPTY_BODY = YES;
				CLANG_WARN_ENUM_CONVERSION = YES;
				CLANG_WARN_INFINITE_RECURSION = YES;
				CLANG_WARN_INT_CONVERSION = YES;
				CLANG_WARN_NON_LITERAL_NULL_CONVERSION = YES;
				CLANG_WARN_OBJC_IMPLICIT_RETAIN_SELF = YES;
				CLANG_WARN_OBJC_LITERAL_CONVERSION = YES;
				CLANG_WARN_OBJC_ROOT_CLASS = YES_ERROR;
				CLANG_WARN_QUOTED_INCLUDE_IN_FRAMEWORK_HEADER = YES;
				CLANG_WARN_RANGE_LOOP_ANALYSIS = YES;
				CLANG_WARN_STRICT_PROTOTYPES = YES;
				CLANG_WARN_SUSPICIOUS_MOVE = YES;
				CLANG_WARN_UNGUARDED_AVAILABILITY = YES_AGGRESSIVE;
				CLANG_WARN_UNREACHABLE_CODE = YES;
				CLANG_WARN__DUPLICATE_METHOD_MATCH = YES;
				COPY_PHASE_STRIP = NO;
				DEBUG_INFORMATION_FORMAT = dwarf;
				ENABLE_STRICT_OBJC_MSGSEND = YES;
				ENABLE_TESTABILITY = YES;
				GCC_C_LANGUAGE_STANDARD = gnu11;
				GCC_DYNAMIC_NO_PIC = NO;
				GCC_NO_COMMON_BLOCKS = YES;
				GCC_OPTIMIZATION_LEVEL = 0;
				GCC_PREPROCESSOR_DEFINITIONS = (
					"DEBUG=1",
					"$(inherited)",
				);
				GCC_WARN_64_TO_32_BIT_CONVERSION = YES;
				GCC_WARN_ABOUT_RETURN_TYPE = YES_ERROR;
				GCC_WARN_UNDECLARED_SELECTOR = YES;
				GCC_WARN_UNINITIALIZED_AUTOS = YES_AGGRESSIVE;
				GCC_WARN_UNUSED_FUNCTION = YES;
				GCC_WARN_UNUSED_VARIABLE = YES;
				IPHONEOS_DEPLOYMENT_TARGET = 16.2;
				MTL_ENABLE_DEBUG_INFO = INCLUDE_SOURCE;
				MTL_FAST_MATH = YES;
				ONLY_ACTIVE_ARCH = YES;
				SDKROOT = iphoneos;
				SWIFT_ACTIVE_COMPILATION_CONDITIONS = DEBUG;
				SWIFT_OPTIMIZATION_LEVEL = "-Onone";
			};
			name = Debug;
		};
		C3B4AA1D29F47AA2004D32D9 /* Release */ = {
			isa = XCBuildConfiguration;
			buildSettings = {
				ALWAYS_SEARCH_USER_PATHS = NO;
				CLANG_ANALYZER_NONNULL = YES;
				CLANG_ANALYZER_NUMBER_OBJECT_CONVERSION = YES_AGGRESSIVE;
				CLANG_CXX_LANGUAGE_STANDARD = "gnu++20";
				CLANG_ENABLE_MODULES = YES;
				CLANG_ENABLE_OBJC_ARC = YES;
				CLANG_ENABLE_OBJC_WEAK = YES;
				CLANG_WARN_BLOCK_CAPTURE_AUTORELEASING = YES;
				CLANG_WARN_BOOL_CONVERSION = YES;
				CLANG_WARN_COMMA = YES;
				CLANG_WARN_CONSTANT_CONVERSION = YES;
				CLANG_WARN_DEPRECATED_OBJC_IMPLEMENTATIONS = YES;
				CLANG_WARN_DIRECT_OBJC_ISA_USAGE = YES_ERROR;
				CLANG_WARN_DOCUMENTATION_COMMENTS = YES;
				CLANG_WARN_EMPTY_BODY = YES;
				CLANG_WARN_ENUM_CONVERSION = YES;
				CLANG_WARN_INFINITE_RECURSION = YES;
				CLANG_WARN_INT_CONVERSION = YES;
				CLANG_WARN_NON_LITERAL_NULL_CONVERSION = YES;
				CLANG_WARN_OBJC_IMPLICIT_RETAIN_SELF = YES;
				CLANG_WARN_OBJC_LITERAL_CONVERSION = YES;
				CLANG_WARN_OBJC_ROOT_CLASS = YES_ERROR;
				CLANG_WARN_QUOTED_INCLUDE_IN_FRAMEWORK_HEADER = YES;
				CLANG_WARN_RANGE_LOOP_ANALYSIS = YES;
				CLANG_WARN_STRICT_PROTOTYPES = YES;
				CLANG_WARN_SUSPICIOUS_MOVE = YES;
				CLANG_WARN_UNGUARDED_AVAILABILITY = YES_AGGRESSIVE;
				CLANG_WARN_UNREACHABLE_CODE = YES;
				CLANG_WARN__DUPLICATE_METHOD_MATCH = YES;
				COPY_PHASE_STRIP = NO;
				DEBUG_INFORMATION_FORMAT = "dwarf-with-dsym";
				ENABLE_NS_ASSERTIONS = NO;
				ENABLE_STRICT_OBJC_MSGSEND = YES;
				GCC_C_LANGUAGE_STANDARD = gnu11;
				GCC_NO_COMMON_BLOCKS = YES;
				GCC_WARN_64_TO_32_BIT_CONVERSION = YES;
				GCC_WARN_ABOUT_RETURN_TYPE = YES_ERROR;
				GCC_WARN_UNDECLARED_SELECTOR = YES;
				GCC_WARN_UNINITIALIZED_AUTOS = YES_AGGRESSIVE;
				GCC_WARN_UNUSED_FUNCTION = YES;
				GCC_WARN_UNUSED_VARIABLE = YES;
				IPHONEOS_DEPLOYMENT_TARGET = 16.2;
				MTL_ENABLE_DEBUG_INFO = NO;
				MTL_FAST_MATH = YES;
				SDKROOT = iphoneos;
				SWIFT_COMPILATION_MODE = wholemodule;
				SWIFT_OPTIMIZATION_LEVEL = "-O";
				VALIDATE_PRODUCT = YES;
			};
			name = Release;
		};
		C3B4AA1F29F47AA2004D32D9 /* Debug */ = {
			isa = XCBuildConfiguration;
			buildSettings = {
				ASSETCATALOG_COMPILER_APPICON_NAME = AppIcon;
				ASSETCATALOG_COMPILER_GLOBAL_ACCENT_COLOR_NAME = AccentColor;
				CODE_SIGN_STYLE = Automatic;
				CURRENT_PROJECT_VERSION = 1;
				DEVELOPMENT_TEAM = 9P74L4GXWB;
				GENERATE_INFOPLIST_FILE = YES;
				INFOPLIST_FILE = RickAndMorty_UIKit/Info.plist;
				INFOPLIST_KEY_UIApplicationSupportsIndirectInputEvents = YES;
				INFOPLIST_KEY_UILaunchStoryboardName = LaunchScreen;
				INFOPLIST_KEY_UISupportedInterfaceOrientations_iPad = "UIInterfaceOrientationPortrait UIInterfaceOrientationPortraitUpsideDown UIInterfaceOrientationLandscapeLeft UIInterfaceOrientationLandscapeRight";
				INFOPLIST_KEY_UISupportedInterfaceOrientations_iPhone = "UIInterfaceOrientationPortrait UIInterfaceOrientationLandscapeLeft UIInterfaceOrientationLandscapeRight";
				IPHONEOS_DEPLOYMENT_TARGET = 13.0;
				LD_RUNPATH_SEARCH_PATHS = (
					"$(inherited)",
					"@executable_path/Frameworks",
				);
				MARKETING_VERSION = 1.0;
				PRODUCT_BUNDLE_IDENTIFIER = "com.dukena.RickAndMorty-UIKit";
				PRODUCT_NAME = "$(TARGET_NAME)";
				SUPPORTED_PLATFORMS = "iphoneos iphonesimulator";
				SUPPORTS_MACCATALYST = NO;
				SUPPORTS_MAC_DESIGNED_FOR_IPHONE_IPAD = NO;
				SWIFT_EMIT_LOC_STRINGS = YES;
				SWIFT_VERSION = 5.0;
				TARGETED_DEVICE_FAMILY = "1,2";
			};
			name = Debug;
		};
		C3B4AA2029F47AA2004D32D9 /* Release */ = {
			isa = XCBuildConfiguration;
			buildSettings = {
				ASSETCATALOG_COMPILER_APPICON_NAME = AppIcon;
				ASSETCATALOG_COMPILER_GLOBAL_ACCENT_COLOR_NAME = AccentColor;
				CODE_SIGN_STYLE = Automatic;
				CURRENT_PROJECT_VERSION = 1;
				DEVELOPMENT_TEAM = 9P74L4GXWB;
				GENERATE_INFOPLIST_FILE = YES;
				INFOPLIST_FILE = RickAndMorty_UIKit/Info.plist;
				INFOPLIST_KEY_UIApplicationSupportsIndirectInputEvents = YES;
				INFOPLIST_KEY_UILaunchStoryboardName = LaunchScreen;
				INFOPLIST_KEY_UISupportedInterfaceOrientations_iPad = "UIInterfaceOrientationPortrait UIInterfaceOrientationPortraitUpsideDown UIInterfaceOrientationLandscapeLeft UIInterfaceOrientationLandscapeRight";
				INFOPLIST_KEY_UISupportedInterfaceOrientations_iPhone = "UIInterfaceOrientationPortrait UIInterfaceOrientationLandscapeLeft UIInterfaceOrientationLandscapeRight";
				IPHONEOS_DEPLOYMENT_TARGET = 13.0;
				LD_RUNPATH_SEARCH_PATHS = (
					"$(inherited)",
					"@executable_path/Frameworks",
				);
				MARKETING_VERSION = 1.0;
				PRODUCT_BUNDLE_IDENTIFIER = "com.dukena.RickAndMorty-UIKit";
				PRODUCT_NAME = "$(TARGET_NAME)";
				SUPPORTED_PLATFORMS = "iphoneos iphonesimulator";
				SUPPORTS_MACCATALYST = NO;
				SUPPORTS_MAC_DESIGNED_FOR_IPHONE_IPAD = NO;
				SWIFT_EMIT_LOC_STRINGS = YES;
				SWIFT_VERSION = 5.0;
				TARGETED_DEVICE_FAMILY = "1,2";
			};
			name = Release;
		};
/* End XCBuildConfiguration section */

/* Begin XCConfigurationList section */
		C3B4AA0529F47AA1004D32D9 /* Build configuration list for PBXProject "RickAndMorty_UIKit" */ = {
			isa = XCConfigurationList;
			buildConfigurations = (
				C3B4AA1C29F47AA2004D32D9 /* Debug */,
				C3B4AA1D29F47AA2004D32D9 /* Release */,
			);
			defaultConfigurationIsVisible = 0;
			defaultConfigurationName = Release;
		};
		C3B4AA1E29F47AA2004D32D9 /* Build configuration list for PBXNativeTarget "RickAndMorty_UIKit" */ = {
			isa = XCConfigurationList;
			buildConfigurations = (
				C3B4AA1F29F47AA2004D32D9 /* Debug */,
				C3B4AA2029F47AA2004D32D9 /* Release */,
			);
			defaultConfigurationIsVisible = 0;
			defaultConfigurationName = Release;
		};
/* End XCConfigurationList section */
	};
	rootObject = C3B4AA0229F47AA1004D32D9 /* Project object */;
}
